
Microsoft Visual Studio Solution File, Format Version 12.00
# Visual Studio 2013
VisualStudioVersion = 12.0.31101.0
MinimumVisualStudioVersion = 10.0.40219.1
Project("{FAE04EC0-301F-11D3-BF4B-00C04F79EFBC}") = "Ticket", "Ticket\Ticket.csproj", "{EE988D17-140C-4B07-B421-A4DE0ECF7DA6}"
EndProject
Project("{FAE04EC0-301F-11D3-BF4B-00C04F79EFBC}") = "TicketOffice.Tests", "TicketOffice.Tests\TicketOffice.Tests.csproj", "{82E96439-CF89-4849-8831-A6F8DD29F196}"
EndProject
Global
	GlobalSection(SolutionConfigurationPlatforms) = preSolution
		Debug|Any CPU = Debug|Any CPU
		Debug|ARM = Debug|ARM
		Debug|x64 = Debug|x64
		Debug|x86 = Debug|x86
		Release|Any CPU = Release|Any CPU
		Release|ARM = Release|ARM
		Release|x64 = Release|x64
		Release|x86 = Release|x86
	EndGlobalSection
	GlobalSection(ProjectConfigurationPlatforms) = postSolution
		{EE988D17-140C-4B07-B421-A4DE0ECF7DA6}.Debug|Any CPU.ActiveCfg = Debug|Any CPU
		{EE988D17-140C-4B07-B421-A4DE0ECF7DA6}.Debug|Any CPU.Build.0 = Debug|Any CPU
		{EE988D17-140C-4B07-B421-A4DE0ECF7DA6}.Debug|ARM.ActiveCfg = Debug|Any CPU
		{EE988D17-140C-4B07-B421-A4DE0ECF7DA6}.Debug|x64.ActiveCfg = Debug|Any CPU
		{EE988D17-140C-4B07-B421-A4DE0ECF7DA6}.Debug|x86.ActiveCfg = Debug|Any CPU
		{EE988D17-140C-4B07-B421-A4DE0ECF7DA6}.Release|Any CPU.ActiveCfg = Release|Any CPU
		{EE988D17-140C-4B07-B421-A4DE0ECF7DA6}.Release|Any CPU.Build.0 = Release|Any CPU
		{EE988D17-140C-4B07-B421-A4DE0ECF7DA6}.Release|ARM.ActiveCfg = Release|Any CPU
		{EE988D17-140C-4B07-B421-A4DE0ECF7DA6}.Release|x64.ActiveCfg = Release|Any CPU
		{EE988D17-140C-4B07-B421-A4DE0ECF7DA6}.Release|x86.ActiveCfg = Release|Any CPU
		{82E96439-CF89-4849-8831-A6F8DD29F196}.Debug|Any CPU.ActiveCfg = Debug|Any CPU
		{82E96439-CF89-4849-8831-A6F8DD29F196}.Debug|Any CPU.Build.0 = Debug|Any CPU
		{82E96439-CF89-4849-8831-A6F8DD29F196}.Debug|ARM.ActiveCfg = Debug|Any CPU
		{82E96439-CF89-4849-8831-A6F8DD29F196}.Debug|x64.ActiveCfg = Debug|Any CPU
		{82E96439-CF89-4849-8831-A6F8DD29F196}.Debug|x86.ActiveCfg = Debug|Any CPU
		{82E96439-CF89-4849-8831-A6F8DD29F196}.Release|Any CPU.ActiveCfg = Release|Any CPU
		{82E96439-CF89-4849-8831-A6F8DD29F196}.Release|Any CPU.Build.0 = Release|Any CPU
		{82E96439-CF89-4849-8831-A6F8DD29F196}.Release|ARM.ActiveCfg = Release|Any CPU
		{82E96439-CF89-4849-8831-A6F8DD29F196}.Release|x64.ActiveCfg = Release|Any CPU
		{82E96439-CF89-4849-8831-A6F8DD29F196}.Release|x86.ActiveCfg = Release|Any CPU
	EndGlobalSection
	GlobalSection(SolutionProperties) = preSolution
		HideSolutionNode = FALSE
	EndGlobalSection
EndGlobal
