
Microsoft Visual Studio Solution File, Format Version 12.00
# Visual Studio 2013
VisualStudioVersion = 12.0.31101.0
MinimumVisualStudioVersion = 10.0.40219.1
Project("{FAE04EC0-301F-11D3-BF4B-00C04F79EFBC}") = "Test-Arithmetical-Operations", "Test-Arithmetical-Operations\Test-Arithmetical-Operations.csproj", "{5B01714B-F90E-46FE-8F80-5B4F7DA0D166}"
EndProject
Project("{FAE04EC0-301F-11D3-BF4B-00C04F79EFBC}") = "Test-Mathematical-Functions", "Test-Mathematical-Functions\Test-Mathematical-Functions.csproj", "{EB64B4B1-DE3E-42F3-A564-BBA743E5AEE2}"
EndProject
Project("{FAE04EC0-301F-11D3-BF4B-00C04F79EFBC}") = "Test-Sorting-Algorithms", "Test-Sorting-Algorithms\Test-Sorting-Algorithms.csproj", "{D3894692-DBC9-437F-BB79-8E877A9ABD92}"
EndProject
Global
	GlobalSection(SolutionConfigurationPlatforms) = preSolution
		Debug|Any CPU = Debug|Any CPU
		Release|Any CPU = Release|Any CPU
	EndGlobalSection
	GlobalSection(ProjectConfigurationPlatforms) = postSolution
		{5B01714B-F90E-46FE-8F80-5B4F7DA0D166}.Debug|Any CPU.ActiveCfg = Debug|Any CPU
		{5B01714B-F90E-46FE-8F80-5B4F7DA0D166}.Debug|Any CPU.Build.0 = Debug|Any CPU
		{5B01714B-F90E-46FE-8F80-5B4F7DA0D166}.Release|Any CPU.ActiveCfg = Release|Any CPU
		{5B01714B-F90E-46FE-8F80-5B4F7DA0D166}.Release|Any CPU.Build.0 = Release|Any CPU
		{EB64B4B1-DE3E-42F3-A564-BBA743E5AEE2}.Debug|Any CPU.ActiveCfg = Debug|Any CPU
		{EB64B4B1-DE3E-42F3-A564-BBA743E5AEE2}.Debug|Any CPU.Build.0 = Debug|Any CPU
		{EB64B4B1-DE3E-42F3-A564-BBA743E5AEE2}.Release|Any CPU.ActiveCfg = Release|Any CPU
		{EB64B4B1-DE3E-42F3-A564-BBA743E5AEE2}.Release|Any CPU.Build.0 = Release|Any CPU
		{D3894692-DBC9-437F-BB79-8E877A9ABD92}.Debug|Any CPU.ActiveCfg = Debug|Any CPU
		{D3894692-DBC9-437F-BB79-8E877A9ABD92}.Debug|Any CPU.Build.0 = Debug|Any CPU
		{D3894692-DBC9-437F-BB79-8E877A9ABD92}.Release|Any CPU.ActiveCfg = Release|Any CPU
		{D3894692-DBC9-437F-BB79-8E877A9ABD92}.Release|Any CPU.Build.0 = Release|Any CPU
	EndGlobalSection
	GlobalSection(SolutionProperties) = preSolution
		HideSolutionNode = FALSE
	EndGlobalSection
EndGlobal
